
Microsoft Visual Studio Solution File, Format Version 12.00
# Visual Studio Version 16
VisualStudioVersion = 16.0.30330.147
MinimumVisualStudioVersion = 10.0.40219.1
Project("{FAE04EC0-301F-11D3-BF4B-00C04F79EFBC}") = "ConsoleApp1", "ConsoleApp1\ConsoleApp1.csproj", "{25F10444-D573-4888-BC96-7D280DDA404C}"
EndProject
Global
	GlobalSection(SolutionConfigurationPlatforms) = preSolution
		Debug|Any CPU = Debug|Any CPU
		Release|Any CPU = Release|Any CPU
	EndGlobalSection
	GlobalSection(ProjectConfigurationPlatforms) = postSolution
		{25F10444-D573-4888-BC96-7D280DDA404C}.Debug|Any CPU.ActiveCfg = Debug|Any CPU
		{25F10444-D573-4888-BC96-7D280DDA404C}.Debug|Any CPU.Build.0 = Debug|Any CPU
		{25F10444-D573-4888-BC96-7D280DDA404C}.Release|Any CPU.ActiveCfg = Release|Any CPU
		{25F10444-D573-4888-BC96-7D280DDA404C}.Release|Any CPU.Build.0 = Release|Any CPU
	EndGlobalSection
	GlobalSection(SolutionProperties) = preSolution
		HideSolutionNode = FALSE
	EndGlobalSection
	GlobalSection(ExtensibilityGlobals) = postSolution
		SolutionGuid = {D8D0C403-B9A7-426E-9993-496FB62BC6AA}
	EndGlobalSection
EndGlobal
